
Microsoft Visual Studio Solution File, Format Version 12.00
# Visual Studio 14
VisualStudioVersion = 14.0.24720.0
MinimumVisualStudioVersion = 10.0.40219.1
Project("{FAE04EC0-301F-11D3-BF4B-00C04F79EFBC}") = "MyApplication.Interface", "MyApplication.Interface\MyApplication.Interface.csproj", "{08088B82-FF15-4A56-BA4A-2C5C4660B24D}"
EndProject
Project("{FAE04EC0-301F-11D3-BF4B-00C04F79EFBC}") = "MyApplication.Service", "MyApplication.Service\MyApplication.Service.csproj", "{0AAD37F4-97D3-4130-807F-FCE78C4F2D7B}"
EndProject
Project("{A07B5EB6-E848-4116-A8D0-A826331D98C6}") = "MyApplication", "MyApplication\MyApplication.sfproj", "{3EFCEB79-45B6-47B8-BAF4-C3AD0A26AE30}"
EndProject
Project("{FAE04EC0-301F-11D3-BF4B-00C04F79EFBC}") = "MyApplication.Client", "MyApplication.Client\MyApplication.Client.csproj", "{8B22BF90-20C5-46F2-BCFE-B505F12A51E5}"
EndProject
Global
	GlobalSection(SolutionConfigurationPlatforms) = preSolution
		Debug|Any CPU = Debug|Any CPU
		Debug|x64 = Debug|x64
		Release|Any CPU = Release|Any CPU
		Release|x64 = Release|x64
	EndGlobalSection
	GlobalSection(ProjectConfigurationPlatforms) = postSolution
		{08088B82-FF15-4A56-BA4A-2C5C4660B24D}.Debug|Any CPU.ActiveCfg = Debug|x64
		{08088B82-FF15-4A56-BA4A-2C5C4660B24D}.Debug|Any CPU.Build.0 = Debug|x64
		{08088B82-FF15-4A56-BA4A-2C5C4660B24D}.Debug|x64.ActiveCfg = Debug|x64
		{08088B82-FF15-4A56-BA4A-2C5C4660B24D}.Debug|x64.Build.0 = Debug|x64
		{08088B82-FF15-4A56-BA4A-2C5C4660B24D}.Release|Any CPU.ActiveCfg = Release|Any CPU
		{08088B82-FF15-4A56-BA4A-2C5C4660B24D}.Release|Any CPU.Build.0 = Release|Any CPU
		{08088B82-FF15-4A56-BA4A-2C5C4660B24D}.Release|x64.ActiveCfg = Release|x64
		{08088B82-FF15-4A56-BA4A-2C5C4660B24D}.Release|x64.Build.0 = Release|x64
		{0AAD37F4-97D3-4130-807F-FCE78C4F2D7B}.Debug|Any CPU.ActiveCfg = Debug|x64
		{0AAD37F4-97D3-4130-807F-FCE78C4F2D7B}.Debug|Any CPU.Build.0 = Debug|x64
		{0AAD37F4-97D3-4130-807F-FCE78C4F2D7B}.Debug|x64.ActiveCfg = Debug|x64
		{0AAD37F4-97D3-4130-807F-FCE78C4F2D7B}.Debug|x64.Build.0 = Debug|x64
		{0AAD37F4-97D3-4130-807F-FCE78C4F2D7B}.Release|Any CPU.ActiveCfg = Release|x64
		{0AAD37F4-97D3-4130-807F-FCE78C4F2D7B}.Release|x64.ActiveCfg = Release|x64
		{0AAD37F4-97D3-4130-807F-FCE78C4F2D7B}.Release|x64.Build.0 = Release|x64
		{3EFCEB79-45B6-47B8-BAF4-C3AD0A26AE30}.Debug|Any CPU.ActiveCfg = Debug|x64
		{3EFCEB79-45B6-47B8-BAF4-C3AD0A26AE30}.Debug|Any CPU.Build.0 = Debug|x64
		{3EFCEB79-45B6-47B8-BAF4-C3AD0A26AE30}.Debug|x64.ActiveCfg = Debug|x64
		{3EFCEB79-45B6-47B8-BAF4-C3AD0A26AE30}.Debug|x64.Build.0 = Debug|x64
		{3EFCEB79-45B6-47B8-BAF4-C3AD0A26AE30}.Debug|x64.Deploy.0 = Debug|x64
		{3EFCEB79-45B6-47B8-BAF4-C3AD0A26AE30}.Release|Any CPU.ActiveCfg = Release|x64
		{3EFCEB79-45B6-47B8-BAF4-C3AD0A26AE30}.Release|x64.ActiveCfg = Release|x64
		{3EFCEB79-45B6-47B8-BAF4-C3AD0A26AE30}.Release|x64.Build.0 = Release|x64
		{3EFCEB79-45B6-47B8-BAF4-C3AD0A26AE30}.Release|x64.Deploy.0 = Release|x64
		{8B22BF90-20C5-46F2-BCFE-B505F12A51E5}.Debug|Any CPU.ActiveCfg = Debug|x64
		{8B22BF90-20C5-46F2-BCFE-B505F12A51E5}.Debug|Any CPU.Build.0 = Debug|x64
		{8B22BF90-20C5-46F2-BCFE-B505F12A51E5}.Debug|x64.ActiveCfg = Debug|x64
		{8B22BF90-20C5-46F2-BCFE-B505F12A51E5}.Debug|x64.Build.0 = Debug|x64
		{8B22BF90-20C5-46F2-BCFE-B505F12A51E5}.Release|Any CPU.ActiveCfg = Release|Any CPU
		{8B22BF90-20C5-46F2-BCFE-B505F12A51E5}.Release|Any CPU.Build.0 = Release|Any CPU
		{8B22BF90-20C5-46F2-BCFE-B505F12A51E5}.Release|x64.ActiveCfg = Release|x64
		{8B22BF90-20C5-46F2-BCFE-B505F12A51E5}.Release|x64.Build.0 = Release|x64
	EndGlobalSection
	GlobalSection(SolutionProperties) = preSolution
		HideSolutionNode = FALSE
	EndGlobalSection
EndGlobal
