
Microsoft Visual Studio Solution File, Format Version 12.00
# Visual Studio Version 16
VisualStudioVersion = 16.0.29728.190
MinimumVisualStudioVersion = 10.0.40219.1
Project("{2150E333-8FDC-42A3-9474-1A3956D46DE8}") = "Company", "Company", "{01E45410-5E2C-414D-ADC4-D6A1182A04A8}"
EndProject
Project("{2150E333-8FDC-42A3-9474-1A3956D46DE8}") = "Test", "Test", "{6E1CE7BD-14C3-4B7A-8219-35F894091A4D}"
EndProject
Project("{2150E333-8FDC-42A3-9474-1A3956D46DE8}") = "Access", "Access", "{A0F39E96-FFAB-4176-84C7-427BE0ADDCDA}"
EndProject
Project("{2150E333-8FDC-42A3-9474-1A3956D46DE8}") = "Engine", "Engine", "{5C42D558-D173-422A-B446-798F0539E79D}"
EndProject
Project("{2150E333-8FDC-42A3-9474-1A3956D46DE8}") = "User", "User", "{33F79906-D78E-4B16-9A5B-A95BB868E480}"
EndProject
Project("{2150E333-8FDC-42A3-9474-1A3956D46DE8}") = "Validation", "Validation", "{99973D03-AF72-4E42-A6D9-ACA32BA231E1}"
EndProject
Project("{2150E333-8FDC-42A3-9474-1A3956D46DE8}") = "Manager", "Manager", "{00143D5E-6548-4DA2-96B8-8524C8DB360F}"
EndProject
Project("{2150E333-8FDC-42A3-9474-1A3956D46DE8}") = "Content", "Content", "{0882BA54-7FA4-48F8-8B56-615ED42DA371}"
EndProject
Project("{2150E333-8FDC-42A3-9474-1A3956D46DE8}") = "Microservice", "Microservice", "{4C4BDBE2-E996-4848-8B18-5522C771D458}"
EndProject
Project("{2150E333-8FDC-42A3-9474-1A3956D46DE8}") = "Content", "Content", "{C556A3D3-3D82-44F9-B3DB-1B90667E7426}"
EndProject
Project("{2150E333-8FDC-42A3-9474-1A3956D46DE8}") = "Transform", "Transform", "{150FB9D8-373B-4D05-A2E7-7EC7989F9E51}"
EndProject
Project("{2150E333-8FDC-42A3-9474-1A3956D46DE8}") = "Module", "Module", "{8BB260A3-7B4F-4F1E-8AF6-F9D07B71254D}"
EndProject
Project("{2150E333-8FDC-42A3-9474-1A3956D46DE8}") = "Framework", "Framework", "{D1B3392E-E8C2-4224-A725-F0D6D81F1E28}"
EndProject
Project("{2150E333-8FDC-42A3-9474-1A3956D46DE8}") = "Component", "Component", "{16A7B3A0-80F9-47D7-AAF7-C5751AACA876}"
EndProject
Project("{FAE04EC0-301F-11D3-BF4B-00C04F79EFBC}") = "Company.Framework.Proxy", "Company\Framework\Proxy\Company.Framework.Proxy.csproj", "{025047AF-D137-4381-BB7D-46DD472193B4}"
EndProject
Project("{FAE04EC0-301F-11D3-BF4B-00C04F79EFBC}") = "Company.Manager.Content.Interface", "Company\Component\Manager\Content\Interface\Company.Manager.Content.Interface.csproj", "{08088B82-FF15-4A56-BA4A-2C5C4660B24D}"
EndProject
Project("{FAE04EC0-301F-11D3-BF4B-00C04F79EFBC}") = "Company.Manager.Content.Service", "Company\Component\Manager\Content\Service\Company.Manager.Content.Service.csproj", "{0AAD37F4-97D3-4130-807F-FCE78C4F2D7B}"
EndProject
Project("{FAE04EC0-301F-11D3-BF4B-00C04F79EFBC}") = "Company.Microservice.Content", "Company\Microservice\Content\Company.Microservice.Content.csproj", "{C338CCBA-BA2E-498F-B926-168E707521EA}"
EndProject
Project("{FAE04EC0-301F-11D3-BF4B-00C04F79EFBC}") = "Test.Harness.Content", "Test\Harness\Content\Test.Harness.Content.csproj", "{9AB52BD8-2101-4720-9F26-A5E72764111D}"
EndProject
Project("{FAE04EC0-301F-11D3-BF4B-00C04F79EFBC}") = "Company.Engine.Validation.Interface", "Company\Component\Engine\Validation\Interface\Company.Engine.Validation.Interface.csproj", "{F6D3F1A2-1CDF-4143-8E24-CC69F839A028}"
EndProject
Project("{FAE04EC0-301F-11D3-BF4B-00C04F79EFBC}") = "Company.Engine.Validation.Service", "Company\Component\Engine\Validation\Service\Company.Engine.Validation.Service.csproj", "{73EAB49A-4BD0-44C1-B871-6DD410C5E0B4}"
EndProject
Project("{FAE04EC0-301F-11D3-BF4B-00C04F79EFBC}") = "Company.Engine.Transform.Interface", "Company\Component\Engine\Transform\Interface\Company.Engine.Transform.Interface.csproj", "{829D3B72-D77D-491A-8F55-B15EE7BF8769}"
EndProject
Project("{FAE04EC0-301F-11D3-BF4B-00C04F79EFBC}") = "Company.Engine.Transform.Service", "Company\Component\Engine\Transform\Service\Company.Engine.Transform.Service.csproj", "{4E43B228-71EE-4F2E-8B2D-5509FB32DA2D}"
EndProject
Project("{FAE04EC0-301F-11D3-BF4B-00C04F79EFBC}") = "Company.Access.User.Interface", "Company\Component\Access\User\Interface\Company.Access.User.Interface.csproj", "{2AA4C8E1-F74A-475B-939D-CA57630B09A9}"
EndProject
Project("{FAE04EC0-301F-11D3-BF4B-00C04F79EFBC}") = "Company.Access.User.Service", "Company\Component\Access\User\Service\Company.Access.User.Service.csproj", "{6727994C-059B-4F05-9FC5-50AD68D263CA}"
EndProject
Project("{FAE04EC0-301F-11D3-BF4B-00C04F79EFBC}") = "Company.Access.Module.Interface", "Company\Component\Access\Module\Interface\Company.Access.Module.Interface.csproj", "{65FB2107-E43A-459A-A387-758CCE1F586D}"
EndProject
Project("{FAE04EC0-301F-11D3-BF4B-00C04F79EFBC}") = "Company.Access.Module.Service", "Company\Component\Access\Module\Service\Company.Access.Module.Service.csproj", "{4BC74DFA-C12E-498C-802E-A64488562923}"
EndProject
Project("{FAE04EC0-301F-11D3-BF4B-00C04F79EFBC}") = "Company.Framework.Common", "Company\Framework\Common\Company.Framework.Common.csproj", "{24136959-C2E6-4454-8D06-63FDFE872CE0}"
	ProjectSection(ProjectDependencies) = postProject
		{0858C710-AF53-4049-B98E-CFE3638D1228} = {0858C710-AF53-4049-B98E-CFE3638D1228}
	EndProjectSection
EndProject
Project("{2150E333-8FDC-42A3-9474-1A3956D46DE8}") = "Solution Items", "Solution Items", "{BE3C72B0-E7C3-4936-BA2F-892E8D7D8630}"
	ProjectSection(SolutionItems) = preProject
		..\IDesign Method - Microservice Design.pdf = ..\IDesign Method - Microservice Design.pdf
		..\IDesign Method Overview.pdf = ..\IDesign Method Overview.pdf
	EndProjectSection
EndProject
Project("{FAE04EC0-301F-11D3-BF4B-00C04F79EFBC}") = "Test.Unit.Content", "Test\Unit\Content\Test.Unit.Content.csproj", "{435D63A3-4015-4F9C-9347-FD1B0008A30C}"
EndProject
Project("{FAE04EC0-301F-11D3-BF4B-00C04F79EFBC}") = "Company.Framework.Server", "Company\Framework\Server\Company.Framework.Server.csproj", "{98389A94-5B86-4AC4-AC86-5A03A02D68CA}"
EndProject
Project("{FAE04EC0-301F-11D3-BF4B-00C04F79EFBC}") = "ServiceModelEx", "ServiceModelEx.csproj", "{0858C710-AF53-4049-B98E-CFE3638D1228}"
EndProject
Global
	GlobalSection(SolutionConfigurationPlatforms) = preSolution
		Debug|Any CPU = Debug|Any CPU
		Debug|x64 = Debug|x64
		Release|Any CPU = Release|Any CPU
		Release|x64 = Release|x64
	EndGlobalSection
	GlobalSection(ProjectConfigurationPlatforms) = postSolution
		{025047AF-D137-4381-BB7D-46DD472193B4}.Debug|Any CPU.ActiveCfg = Debug|Any CPU
		{025047AF-D137-4381-BB7D-46DD472193B4}.Debug|Any CPU.Build.0 = Debug|Any CPU
		{025047AF-D137-4381-BB7D-46DD472193B4}.Debug|x64.ActiveCfg = Debug|Any CPU
		{025047AF-D137-4381-BB7D-46DD472193B4}.Debug|x64.Build.0 = Debug|Any CPU
		{025047AF-D137-4381-BB7D-46DD472193B4}.Release|Any CPU.ActiveCfg = Release|Any CPU
		{025047AF-D137-4381-BB7D-46DD472193B4}.Release|Any CPU.Build.0 = Release|Any CPU
		{025047AF-D137-4381-BB7D-46DD472193B4}.Release|x64.ActiveCfg = Release|Any CPU
		{025047AF-D137-4381-BB7D-46DD472193B4}.Release|x64.Build.0 = Release|Any CPU
		{08088B82-FF15-4A56-BA4A-2C5C4660B24D}.Debug|Any CPU.ActiveCfg = Debug|Any CPU
		{08088B82-FF15-4A56-BA4A-2C5C4660B24D}.Debug|Any CPU.Build.0 = Debug|Any CPU
		{08088B82-FF15-4A56-BA4A-2C5C4660B24D}.Debug|x64.ActiveCfg = Debug|x64
		{08088B82-FF15-4A56-BA4A-2C5C4660B24D}.Debug|x64.Build.0 = Debug|x64
		{08088B82-FF15-4A56-BA4A-2C5C4660B24D}.Release|Any CPU.ActiveCfg = Release|Any CPU
		{08088B82-FF15-4A56-BA4A-2C5C4660B24D}.Release|Any CPU.Build.0 = Release|Any CPU
		{08088B82-FF15-4A56-BA4A-2C5C4660B24D}.Release|x64.ActiveCfg = Release|x64
		{08088B82-FF15-4A56-BA4A-2C5C4660B24D}.Release|x64.Build.0 = Release|x64
		{0AAD37F4-97D3-4130-807F-FCE78C4F2D7B}.Debug|Any CPU.ActiveCfg = Debug|Any CPU
		{0AAD37F4-97D3-4130-807F-FCE78C4F2D7B}.Debug|Any CPU.Build.0 = Debug|Any CPU
		{0AAD37F4-97D3-4130-807F-FCE78C4F2D7B}.Debug|x64.ActiveCfg = Debug|x64
		{0AAD37F4-97D3-4130-807F-FCE78C4F2D7B}.Debug|x64.Build.0 = Debug|x64
		{0AAD37F4-97D3-4130-807F-FCE78C4F2D7B}.Release|Any CPU.ActiveCfg = Release|Any CPU
		{0AAD37F4-97D3-4130-807F-FCE78C4F2D7B}.Release|Any CPU.Build.0 = Release|Any CPU
		{0AAD37F4-97D3-4130-807F-FCE78C4F2D7B}.Release|x64.ActiveCfg = Release|x64
		{0AAD37F4-97D3-4130-807F-FCE78C4F2D7B}.Release|x64.Build.0 = Release|x64
		{C338CCBA-BA2E-498F-B926-168E707521EA}.Debug|Any CPU.ActiveCfg = Debug|Any CPU
		{C338CCBA-BA2E-498F-B926-168E707521EA}.Debug|Any CPU.Build.0 = Debug|Any CPU
		{C338CCBA-BA2E-498F-B926-168E707521EA}.Debug|x64.ActiveCfg = Debug|Any CPU
		{C338CCBA-BA2E-498F-B926-168E707521EA}.Debug|x64.Build.0 = Debug|Any CPU
		{C338CCBA-BA2E-498F-B926-168E707521EA}.Release|Any CPU.ActiveCfg = Release|Any CPU
		{C338CCBA-BA2E-498F-B926-168E707521EA}.Release|Any CPU.Build.0 = Release|Any CPU
		{C338CCBA-BA2E-498F-B926-168E707521EA}.Release|x64.ActiveCfg = Release|Any CPU
		{C338CCBA-BA2E-498F-B926-168E707521EA}.Release|x64.Build.0 = Release|Any CPU
		{9AB52BD8-2101-4720-9F26-A5E72764111D}.Debug|Any CPU.ActiveCfg = Debug|Any CPU
		{9AB52BD8-2101-4720-9F26-A5E72764111D}.Debug|Any CPU.Build.0 = Debug|Any CPU
		{9AB52BD8-2101-4720-9F26-A5E72764111D}.Debug|x64.ActiveCfg = Debug|Any CPU
		{9AB52BD8-2101-4720-9F26-A5E72764111D}.Debug|x64.Build.0 = Debug|Any CPU
		{9AB52BD8-2101-4720-9F26-A5E72764111D}.Release|Any CPU.ActiveCfg = Release|Any CPU
		{9AB52BD8-2101-4720-9F26-A5E72764111D}.Release|Any CPU.Build.0 = Release|Any CPU
		{9AB52BD8-2101-4720-9F26-A5E72764111D}.Release|x64.ActiveCfg = Release|Any CPU
		{9AB52BD8-2101-4720-9F26-A5E72764111D}.Release|x64.Build.0 = Release|Any CPU
		{F6D3F1A2-1CDF-4143-8E24-CC69F839A028}.Debug|Any CPU.ActiveCfg = Debug|Any CPU
		{F6D3F1A2-1CDF-4143-8E24-CC69F839A028}.Debug|Any CPU.Build.0 = Debug|Any CPU
		{F6D3F1A2-1CDF-4143-8E24-CC69F839A028}.Debug|x64.ActiveCfg = Debug|Any CPU
		{F6D3F1A2-1CDF-4143-8E24-CC69F839A028}.Debug|x64.Build.0 = Debug|Any CPU
		{F6D3F1A2-1CDF-4143-8E24-CC69F839A028}.Release|Any CPU.ActiveCfg = Release|Any CPU
		{F6D3F1A2-1CDF-4143-8E24-CC69F839A028}.Release|Any CPU.Build.0 = Release|Any CPU
		{F6D3F1A2-1CDF-4143-8E24-CC69F839A028}.Release|x64.ActiveCfg = Release|Any CPU
		{F6D3F1A2-1CDF-4143-8E24-CC69F839A028}.Release|x64.Build.0 = Release|Any CPU
		{73EAB49A-4BD0-44C1-B871-6DD410C5E0B4}.Debug|Any CPU.ActiveCfg = Debug|Any CPU
		{73EAB49A-4BD0-44C1-B871-6DD410C5E0B4}.Debug|Any CPU.Build.0 = Debug|Any CPU
		{73EAB49A-4BD0-44C1-B871-6DD410C5E0B4}.Debug|x64.ActiveCfg = Debug|Any CPU
		{73EAB49A-4BD0-44C1-B871-6DD410C5E0B4}.Debug|x64.Build.0 = Debug|Any CPU
		{73EAB49A-4BD0-44C1-B871-6DD410C5E0B4}.Release|Any CPU.ActiveCfg = Release|Any CPU
		{73EAB49A-4BD0-44C1-B871-6DD410C5E0B4}.Release|Any CPU.Build.0 = Release|Any CPU
		{73EAB49A-4BD0-44C1-B871-6DD410C5E0B4}.Release|x64.ActiveCfg = Release|Any CPU
		{73EAB49A-4BD0-44C1-B871-6DD410C5E0B4}.Release|x64.Build.0 = Release|Any CPU
		{829D3B72-D77D-491A-8F55-B15EE7BF8769}.Debug|Any CPU.ActiveCfg = Debug|Any CPU
		{829D3B72-D77D-491A-8F55-B15EE7BF8769}.Debug|Any CPU.Build.0 = Debug|Any CPU
		{829D3B72-D77D-491A-8F55-B15EE7BF8769}.Debug|x64.ActiveCfg = Debug|Any CPU
		{829D3B72-D77D-491A-8F55-B15EE7BF8769}.Debug|x64.Build.0 = Debug|Any CPU
		{829D3B72-D77D-491A-8F55-B15EE7BF8769}.Release|Any CPU.ActiveCfg = Release|Any CPU
		{829D3B72-D77D-491A-8F55-B15EE7BF8769}.Release|Any CPU.Build.0 = Release|Any CPU
		{829D3B72-D77D-491A-8F55-B15EE7BF8769}.Release|x64.ActiveCfg = Release|Any CPU
		{829D3B72-D77D-491A-8F55-B15EE7BF8769}.Release|x64.Build.0 = Release|Any CPU
		{4E43B228-71EE-4F2E-8B2D-5509FB32DA2D}.Debug|Any CPU.ActiveCfg = Debug|Any CPU
		{4E43B228-71EE-4F2E-8B2D-5509FB32DA2D}.Debug|Any CPU.Build.0 = Debug|Any CPU
		{4E43B228-71EE-4F2E-8B2D-5509FB32DA2D}.Debug|x64.ActiveCfg = Debug|Any CPU
		{4E43B228-71EE-4F2E-8B2D-5509FB32DA2D}.Debug|x64.Build.0 = Debug|Any CPU
		{4E43B228-71EE-4F2E-8B2D-5509FB32DA2D}.Release|Any CPU.ActiveCfg = Release|Any CPU
		{4E43B228-71EE-4F2E-8B2D-5509FB32DA2D}.Release|Any CPU.Build.0 = Release|Any CPU
		{4E43B228-71EE-4F2E-8B2D-5509FB32DA2D}.Release|x64.ActiveCfg = Release|Any CPU
		{4E43B228-71EE-4F2E-8B2D-5509FB32DA2D}.Release|x64.Build.0 = Release|Any CPU
		{2AA4C8E1-F74A-475B-939D-CA57630B09A9}.Debug|Any CPU.ActiveCfg = Debug|Any CPU
		{2AA4C8E1-F74A-475B-939D-CA57630B09A9}.Debug|Any CPU.Build.0 = Debug|Any CPU
		{2AA4C8E1-F74A-475B-939D-CA57630B09A9}.Debug|x64.ActiveCfg = Debug|Any CPU
		{2AA4C8E1-F74A-475B-939D-CA57630B09A9}.Debug|x64.Build.0 = Debug|Any CPU
		{2AA4C8E1-F74A-475B-939D-CA57630B09A9}.Release|Any CPU.ActiveCfg = Release|Any CPU
		{2AA4C8E1-F74A-475B-939D-CA57630B09A9}.Release|Any CPU.Build.0 = Release|Any CPU
		{2AA4C8E1-F74A-475B-939D-CA57630B09A9}.Release|x64.ActiveCfg = Release|Any CPU
		{2AA4C8E1-F74A-475B-939D-CA57630B09A9}.Release|x64.Build.0 = Release|Any CPU
		{6727994C-059B-4F05-9FC5-50AD68D263CA}.Debug|Any CPU.ActiveCfg = Debug|Any CPU
		{6727994C-059B-4F05-9FC5-50AD68D263CA}.Debug|Any CPU.Build.0 = Debug|Any CPU
		{6727994C-059B-4F05-9FC5-50AD68D263CA}.Debug|x64.ActiveCfg = Debug|Any CPU
		{6727994C-059B-4F05-9FC5-50AD68D263CA}.Debug|x64.Build.0 = Debug|Any CPU
		{6727994C-059B-4F05-9FC5-50AD68D263CA}.Release|Any CPU.ActiveCfg = Release|Any CPU
		{6727994C-059B-4F05-9FC5-50AD68D263CA}.Release|Any CPU.Build.0 = Release|Any CPU
		{6727994C-059B-4F05-9FC5-50AD68D263CA}.Release|x64.ActiveCfg = Release|Any CPU
		{6727994C-059B-4F05-9FC5-50AD68D263CA}.Release|x64.Build.0 = Release|Any CPU
		{65FB2107-E43A-459A-A387-758CCE1F586D}.Debug|Any CPU.ActiveCfg = Debug|Any CPU
		{65FB2107-E43A-459A-A387-758CCE1F586D}.Debug|Any CPU.Build.0 = Debug|Any CPU
		{65FB2107-E43A-459A-A387-758CCE1F586D}.Debug|x64.ActiveCfg = Debug|Any CPU
		{65FB2107-E43A-459A-A387-758CCE1F586D}.Debug|x64.Build.0 = Debug|Any CPU
		{65FB2107-E43A-459A-A387-758CCE1F586D}.Release|Any CPU.ActiveCfg = Release|Any CPU
		{65FB2107-E43A-459A-A387-758CCE1F586D}.Release|Any CPU.Build.0 = Release|Any CPU
		{65FB2107-E43A-459A-A387-758CCE1F586D}.Release|x64.ActiveCfg = Release|Any CPU
		{65FB2107-E43A-459A-A387-758CCE1F586D}.Release|x64.Build.0 = Release|Any CPU
		{4BC74DFA-C12E-498C-802E-A64488562923}.Debug|Any CPU.ActiveCfg = Debug|Any CPU
		{4BC74DFA-C12E-498C-802E-A64488562923}.Debug|Any CPU.Build.0 = Debug|Any CPU
		{4BC74DFA-C12E-498C-802E-A64488562923}.Debug|x64.ActiveCfg = Debug|Any CPU
		{4BC74DFA-C12E-498C-802E-A64488562923}.Debug|x64.Build.0 = Debug|Any CPU
		{4BC74DFA-C12E-498C-802E-A64488562923}.Release|Any CPU.ActiveCfg = Release|Any CPU
		{4BC74DFA-C12E-498C-802E-A64488562923}.Release|Any CPU.Build.0 = Release|Any CPU
		{4BC74DFA-C12E-498C-802E-A64488562923}.Release|x64.ActiveCfg = Release|Any CPU
		{4BC74DFA-C12E-498C-802E-A64488562923}.Release|x64.Build.0 = Release|Any CPU
		{24136959-C2E6-4454-8D06-63FDFE872CE0}.Debug|Any CPU.ActiveCfg = Debug|Any CPU
		{24136959-C2E6-4454-8D06-63FDFE872CE0}.Debug|Any CPU.Build.0 = Debug|Any CPU
		{24136959-C2E6-4454-8D06-63FDFE872CE0}.Debug|x64.ActiveCfg = Debug|Any CPU
		{24136959-C2E6-4454-8D06-63FDFE872CE0}.Debug|x64.Build.0 = Debug|Any CPU
		{24136959-C2E6-4454-8D06-63FDFE872CE0}.Release|Any CPU.ActiveCfg = Release|Any CPU
		{24136959-C2E6-4454-8D06-63FDFE872CE0}.Release|Any CPU.Build.0 = Release|Any CPU
		{24136959-C2E6-4454-8D06-63FDFE872CE0}.Release|x64.ActiveCfg = Release|Any CPU
		{24136959-C2E6-4454-8D06-63FDFE872CE0}.Release|x64.Build.0 = Release|Any CPU
		{435D63A3-4015-4F9C-9347-FD1B0008A30C}.Debug|Any CPU.ActiveCfg = Debug|Any CPU
		{435D63A3-4015-4F9C-9347-FD1B0008A30C}.Debug|Any CPU.Build.0 = Debug|Any CPU
		{435D63A3-4015-4F9C-9347-FD1B0008A30C}.Debug|x64.ActiveCfg = Debug|Any CPU
		{435D63A3-4015-4F9C-9347-FD1B0008A30C}.Debug|x64.Build.0 = Debug|Any CPU
		{435D63A3-4015-4F9C-9347-FD1B0008A30C}.Release|Any CPU.ActiveCfg = Release|Any CPU
		{435D63A3-4015-4F9C-9347-FD1B0008A30C}.Release|Any CPU.Build.0 = Release|Any CPU
		{435D63A3-4015-4F9C-9347-FD1B0008A30C}.Release|x64.ActiveCfg = Release|Any CPU
		{435D63A3-4015-4F9C-9347-FD1B0008A30C}.Release|x64.Build.0 = Release|Any CPU
		{98389A94-5B86-4AC4-AC86-5A03A02D68CA}.Debug|Any CPU.ActiveCfg = Debug|Any CPU
		{98389A94-5B86-4AC4-AC86-5A03A02D68CA}.Debug|Any CPU.Build.0 = Debug|Any CPU
		{98389A94-5B86-4AC4-AC86-5A03A02D68CA}.Debug|x64.ActiveCfg = Debug|Any CPU
		{98389A94-5B86-4AC4-AC86-5A03A02D68CA}.Debug|x64.Build.0 = Debug|Any CPU
		{98389A94-5B86-4AC4-AC86-5A03A02D68CA}.Release|Any CPU.ActiveCfg = Release|Any CPU
		{98389A94-5B86-4AC4-AC86-5A03A02D68CA}.Release|Any CPU.Build.0 = Release|Any CPU
		{98389A94-5B86-4AC4-AC86-5A03A02D68CA}.Release|x64.ActiveCfg = Release|Any CPU
		{98389A94-5B86-4AC4-AC86-5A03A02D68CA}.Release|x64.Build.0 = Release|Any CPU
		{0858C710-AF53-4049-B98E-CFE3638D1228}.Debug|Any CPU.ActiveCfg = Debug|Any CPU
		{0858C710-AF53-4049-B98E-CFE3638D1228}.Debug|Any CPU.Build.0 = Debug|Any CPU
		{0858C710-AF53-4049-B98E-CFE3638D1228}.Debug|x64.ActiveCfg = Debug|Any CPU
		{0858C710-AF53-4049-B98E-CFE3638D1228}.Debug|x64.Build.0 = Debug|Any CPU
		{0858C710-AF53-4049-B98E-CFE3638D1228}.Release|Any CPU.ActiveCfg = Release|Any CPU
		{0858C710-AF53-4049-B98E-CFE3638D1228}.Release|Any CPU.Build.0 = Release|Any CPU
		{0858C710-AF53-4049-B98E-CFE3638D1228}.Release|x64.ActiveCfg = Release|Any CPU
		{0858C710-AF53-4049-B98E-CFE3638D1228}.Release|x64.Build.0 = Release|Any CPU
	EndGlobalSection
	GlobalSection(SolutionProperties) = preSolution
		HideSolutionNode = FALSE
	EndGlobalSection
	GlobalSection(NestedProjects) = preSolution
		{A0F39E96-FFAB-4176-84C7-427BE0ADDCDA} = {16A7B3A0-80F9-47D7-AAF7-C5751AACA876}
		{5C42D558-D173-422A-B446-798F0539E79D} = {16A7B3A0-80F9-47D7-AAF7-C5751AACA876}
		{33F79906-D78E-4B16-9A5B-A95BB868E480} = {A0F39E96-FFAB-4176-84C7-427BE0ADDCDA}
		{99973D03-AF72-4E42-A6D9-ACA32BA231E1} = {5C42D558-D173-422A-B446-798F0539E79D}
		{00143D5E-6548-4DA2-96B8-8524C8DB360F} = {16A7B3A0-80F9-47D7-AAF7-C5751AACA876}
		{0882BA54-7FA4-48F8-8B56-615ED42DA371} = {00143D5E-6548-4DA2-96B8-8524C8DB360F}
		{4C4BDBE2-E996-4848-8B18-5522C771D458} = {01E45410-5E2C-414D-ADC4-D6A1182A04A8}
		{C556A3D3-3D82-44F9-B3DB-1B90667E7426} = {4C4BDBE2-E996-4848-8B18-5522C771D458}
		{150FB9D8-373B-4D05-A2E7-7EC7989F9E51} = {5C42D558-D173-422A-B446-798F0539E79D}
		{8BB260A3-7B4F-4F1E-8AF6-F9D07B71254D} = {A0F39E96-FFAB-4176-84C7-427BE0ADDCDA}
		{D1B3392E-E8C2-4224-A725-F0D6D81F1E28} = {01E45410-5E2C-414D-ADC4-D6A1182A04A8}
		{16A7B3A0-80F9-47D7-AAF7-C5751AACA876} = {01E45410-5E2C-414D-ADC4-D6A1182A04A8}
		{025047AF-D137-4381-BB7D-46DD472193B4} = {D1B3392E-E8C2-4224-A725-F0D6D81F1E28}
		{08088B82-FF15-4A56-BA4A-2C5C4660B24D} = {0882BA54-7FA4-48F8-8B56-615ED42DA371}
		{0AAD37F4-97D3-4130-807F-FCE78C4F2D7B} = {0882BA54-7FA4-48F8-8B56-615ED42DA371}
		{C338CCBA-BA2E-498F-B926-168E707521EA} = {C556A3D3-3D82-44F9-B3DB-1B90667E7426}
		{9AB52BD8-2101-4720-9F26-A5E72764111D} = {6E1CE7BD-14C3-4B7A-8219-35F894091A4D}
		{F6D3F1A2-1CDF-4143-8E24-CC69F839A028} = {99973D03-AF72-4E42-A6D9-ACA32BA231E1}
		{73EAB49A-4BD0-44C1-B871-6DD410C5E0B4} = {99973D03-AF72-4E42-A6D9-ACA32BA231E1}
		{829D3B72-D77D-491A-8F55-B15EE7BF8769} = {150FB9D8-373B-4D05-A2E7-7EC7989F9E51}
		{4E43B228-71EE-4F2E-8B2D-5509FB32DA2D} = {150FB9D8-373B-4D05-A2E7-7EC7989F9E51}
		{2AA4C8E1-F74A-475B-939D-CA57630B09A9} = {33F79906-D78E-4B16-9A5B-A95BB868E480}
		{6727994C-059B-4F05-9FC5-50AD68D263CA} = {33F79906-D78E-4B16-9A5B-A95BB868E480}
		{65FB2107-E43A-459A-A387-758CCE1F586D} = {8BB260A3-7B4F-4F1E-8AF6-F9D07B71254D}
		{4BC74DFA-C12E-498C-802E-A64488562923} = {8BB260A3-7B4F-4F1E-8AF6-F9D07B71254D}
		{24136959-C2E6-4454-8D06-63FDFE872CE0} = {D1B3392E-E8C2-4224-A725-F0D6D81F1E28}
		{435D63A3-4015-4F9C-9347-FD1B0008A30C} = {6E1CE7BD-14C3-4B7A-8219-35F894091A4D}
		{98389A94-5B86-4AC4-AC86-5A03A02D68CA} = {D1B3392E-E8C2-4224-A725-F0D6D81F1E28}
	EndGlobalSection
	GlobalSection(ExtensibilityGlobals) = postSolution
		SolutionGuid = {B5140B9D-676A-472D-BD94-C0B1271C3FEF}
	EndGlobalSection
EndGlobal
