
Microsoft Visual Studio Solution File, Format Version 12.00
# Visual Studio 14
VisualStudioVersion = 14.0.24720.0
MinimumVisualStudioVersion = 10.0.40219.1
Project("{2150E333-8FDC-42A3-9474-1A3956D46DE8}") = "Company", "Company", "{98DD2818-D4F2-4CFF-AE96-21326A27E643}"
EndProject
Project("{2150E333-8FDC-42A3-9474-1A3956D46DE8}") = "Test", "Test", "{08669BF4-B3A8-4C3C-B443-BCA653757E92}"
EndProject
Project("{2150E333-8FDC-42A3-9474-1A3956D46DE8}") = "Microservice", "Microservice", "{971231AA-9C6A-492F-B828-C357A6FC05BE}"
EndProject
Project("{2150E333-8FDC-42A3-9474-1A3956D46DE8}") = "Content", "Content", "{034EAE22-269E-4E5A-93B4-3AC29C772331}"
EndProject
Project("{A07B5EB6-E848-4116-A8D0-A826331D98C6}") = "Company.Microservice.Content", "Company\Microservice\Content\Company.Microservice.Content.sfproj", "{3EFCEB79-45B6-47B8-BAF4-C3AD0A26AE30}"
EndProject
Project("{2150E333-8FDC-42A3-9474-1A3956D46DE8}") = "Manager", "Manager", "{93DFF2F2-A5A5-4909-A716-BC74542541C7}"
EndProject
Project("{2150E333-8FDC-42A3-9474-1A3956D46DE8}") = "Content", "Content", "{A7F10E26-0F83-47B2-83AF-430C7689D0DC}"
EndProject
Project("{2150E333-8FDC-42A3-9474-1A3956D46DE8}") = "Component", "Component", "{8D4891E4-F81F-4BD4-B6E4-7502F8E55CB9}"
EndProject
Project("{FAE04EC0-301F-11D3-BF4B-00C04F79EFBC}") = "Company.Manager.Content.Interface", "Company\Component\Manager\Content\Interface\Company.Manager.Content.Interface.csproj", "{BA8915DC-D1E4-4E7F-B25F-E3F63A90D639}"
EndProject
Project("{FAE04EC0-301F-11D3-BF4B-00C04F79EFBC}") = "Company.Manager.Content.Service", "Company\Component\Manager\Content\Service\Company.Manager.Content.Service.csproj", "{0AAD37F4-97D3-4130-807F-FCE78C4F2D7B}"
EndProject
Project("{FAE04EC0-301F-11D3-BF4B-00C04F79EFBC}") = "Test.Client.Content", "Test\Client\Content\Test.Client.Content.csproj", "{8B22BF90-20C5-46F2-BCFE-B505F12A51E5}"
EndProject
Project("{2150E333-8FDC-42A3-9474-1A3956D46DE8}") = "Framework", "Framework", "{5D860D99-CF75-4D31-8B3A-9192A1F087AD}"
EndProject
Project("{FAE04EC0-301F-11D3-BF4B-00C04F79EFBC}") = "Company.Framwork.Proxy", "Company\Framework\Proxy\Company.Framwork.Proxy.csproj", "{D83EDCE5-8587-4912-A861-393BBDFAE9FF}"
EndProject
Project("{2150E333-8FDC-42A3-9474-1A3956D46DE8}") = "Engine", "Engine", "{2C145A17-75A5-4876-AA5B-32B6187930C7}"
EndProject
Project("{2150E333-8FDC-42A3-9474-1A3956D46DE8}") = "Validation", "Validation", "{7389E708-5142-4B4E-A23B-854C2A4E22BC}"
EndProject
Project("{FAE04EC0-301F-11D3-BF4B-00C04F79EFBC}") = "Company.Engine.Validation.Interface", "Company\Component\Engine\Validation\Interface\Company.Engine.Validation.Interface.csproj", "{E676EDE4-1B70-4349-AB5F-A1AF6FF884B4}"
EndProject
Project("{FAE04EC0-301F-11D3-BF4B-00C04F79EFBC}") = "Company.Engine.Validation.Service", "Company\Component\Engine\Validation\Service\Company.Engine.Validation.Service.csproj", "{56981DB4-4199-4B96-B7D9-C1D70774FA88}"
EndProject
Project("{2150E333-8FDC-42A3-9474-1A3956D46DE8}") = "Transform", "Transform", "{F25D7B4D-72E7-4F8D-9F94-7EA1DBA1D102}"
EndProject
Project("{FAE04EC0-301F-11D3-BF4B-00C04F79EFBC}") = "Company.Engine.Transform.Interface", "Company\Component\Engine\Transform\Interface\Company.Engine.Transform.Interface.csproj", "{CFE78BD6-519E-4A09-BA2D-FDBAED534191}"
EndProject
Project("{FAE04EC0-301F-11D3-BF4B-00C04F79EFBC}") = "Company.Engine.Transform.Service", "Company\Component\Engine\Transform\Service\Company.Engine.Transform.Service.csproj", "{4C8B675C-661D-4448-A77A-E385512564C1}"
EndProject
Project("{2150E333-8FDC-42A3-9474-1A3956D46DE8}") = "Access", "Access", "{BBC0D4AA-B4D3-4C96-B9FF-AC4604400280}"
EndProject
Project("{2150E333-8FDC-42A3-9474-1A3956D46DE8}") = "User", "User", "{986CF085-2DE1-4A25-936B-E1E8CD4B185B}"
EndProject
Project("{FAE04EC0-301F-11D3-BF4B-00C04F79EFBC}") = "Company.Access.User.Interface", "Company\Component\Access\User\Interface\Company.Access.User.Interface.csproj", "{4FB58CEA-2090-4B5F-933B-F77C67A4FE93}"
EndProject
Project("{FAE04EC0-301F-11D3-BF4B-00C04F79EFBC}") = "Company.Access.User.Service", "Company\Component\Access\User\Service\Company.Access.User.Service.csproj", "{A54B937B-3B84-403A-9222-341C0F3F50D4}"
EndProject
Project("{2150E333-8FDC-42A3-9474-1A3956D46DE8}") = "Module", "Module", "{8622B61B-BD82-42ED-AD87-C2FCD83E5969}"
EndProject
Project("{FAE04EC0-301F-11D3-BF4B-00C04F79EFBC}") = "Company.Access.Module.Interface", "Company\Component\Access\Module\Interface\Company.Access.Module.Interface.csproj", "{5FD90FE5-AC9F-4E72-9D15-1C53E16B761A}"
EndProject
Project("{FAE04EC0-301F-11D3-BF4B-00C04F79EFBC}") = "Company.Access.Module.Service", "Company\Component\Access\Module\Service\Company.Access.Module.Service.csproj", "{C925C436-6CA8-4990-83CA-200FE10663D1}"
EndProject
Project("{2150E333-8FDC-42A3-9474-1A3956D46DE8}") = "Solution Items", "Solution Items", "{C8988866-98AF-4A51-86E5-8DCCB652B86B}"
	ProjectSection(SolutionItems) = preProject
		..\IDesign Method - Microservice Design.pdf = ..\IDesign Method - Microservice Design.pdf
		..\IDesign Method Overview.pdf = ..\IDesign Method Overview.pdf
	EndProjectSection
EndProject
Project("{FAE04EC0-301F-11D3-BF4B-00C04F79EFBC}") = "Company.Framwork.Common", "Company\Framework\Common\Company.Framwork.Common.csproj", "{956A146D-1B73-4AB1-B296-6D218DC6257A}"
EndProject
Global
	GlobalSection(SolutionConfigurationPlatforms) = preSolution
		Debug|Any CPU = Debug|Any CPU
		Debug|x64 = Debug|x64
		Release|Any CPU = Release|Any CPU
		Release|x64 = Release|x64
	EndGlobalSection
	GlobalSection(ProjectConfigurationPlatforms) = postSolution
		{3EFCEB79-45B6-47B8-BAF4-C3AD0A26AE30}.Debug|Any CPU.ActiveCfg = Debug|x64
		{3EFCEB79-45B6-47B8-BAF4-C3AD0A26AE30}.Debug|Any CPU.Build.0 = Debug|x64
		{3EFCEB79-45B6-47B8-BAF4-C3AD0A26AE30}.Debug|Any CPU.Deploy.0 = Debug|x64
		{3EFCEB79-45B6-47B8-BAF4-C3AD0A26AE30}.Debug|x64.ActiveCfg = Debug|x64
		{3EFCEB79-45B6-47B8-BAF4-C3AD0A26AE30}.Debug|x64.Build.0 = Debug|x64
		{3EFCEB79-45B6-47B8-BAF4-C3AD0A26AE30}.Debug|x64.Deploy.0 = Debug|x64
		{3EFCEB79-45B6-47B8-BAF4-C3AD0A26AE30}.Release|Any CPU.ActiveCfg = Release|x64
		{3EFCEB79-45B6-47B8-BAF4-C3AD0A26AE30}.Release|x64.ActiveCfg = Release|x64
		{3EFCEB79-45B6-47B8-BAF4-C3AD0A26AE30}.Release|x64.Build.0 = Release|x64
		{3EFCEB79-45B6-47B8-BAF4-C3AD0A26AE30}.Release|x64.Deploy.0 = Release|x64
		{BA8915DC-D1E4-4E7F-B25F-E3F63A90D639}.Debug|Any CPU.ActiveCfg = Debug|x64
		{BA8915DC-D1E4-4E7F-B25F-E3F63A90D639}.Debug|Any CPU.Build.0 = Debug|x64
		{BA8915DC-D1E4-4E7F-B25F-E3F63A90D639}.Debug|x64.ActiveCfg = Debug|Any CPU
		{BA8915DC-D1E4-4E7F-B25F-E3F63A90D639}.Debug|x64.Build.0 = Debug|Any CPU
		{BA8915DC-D1E4-4E7F-B25F-E3F63A90D639}.Release|Any CPU.ActiveCfg = Release|Any CPU
		{BA8915DC-D1E4-4E7F-B25F-E3F63A90D639}.Release|Any CPU.Build.0 = Release|Any CPU
		{BA8915DC-D1E4-4E7F-B25F-E3F63A90D639}.Release|x64.ActiveCfg = Release|Any CPU
		{BA8915DC-D1E4-4E7F-B25F-E3F63A90D639}.Release|x64.Build.0 = Release|Any CPU
		{0AAD37F4-97D3-4130-807F-FCE78C4F2D7B}.Debug|Any CPU.ActiveCfg = Debug|x64
		{0AAD37F4-97D3-4130-807F-FCE78C4F2D7B}.Debug|Any CPU.Build.0 = Debug|x64
		{0AAD37F4-97D3-4130-807F-FCE78C4F2D7B}.Debug|x64.ActiveCfg = Debug|x64
		{0AAD37F4-97D3-4130-807F-FCE78C4F2D7B}.Debug|x64.Build.0 = Debug|x64
		{0AAD37F4-97D3-4130-807F-FCE78C4F2D7B}.Release|Any CPU.ActiveCfg = Release|x64
		{0AAD37F4-97D3-4130-807F-FCE78C4F2D7B}.Release|x64.ActiveCfg = Release|x64
		{0AAD37F4-97D3-4130-807F-FCE78C4F2D7B}.Release|x64.Build.0 = Release|x64
		{8B22BF90-20C5-46F2-BCFE-B505F12A51E5}.Debug|Any CPU.ActiveCfg = Debug|x64
		{8B22BF90-20C5-46F2-BCFE-B505F12A51E5}.Debug|Any CPU.Build.0 = Debug|x64
		{8B22BF90-20C5-46F2-BCFE-B505F12A51E5}.Debug|x64.ActiveCfg = Debug|x64
		{8B22BF90-20C5-46F2-BCFE-B505F12A51E5}.Debug|x64.Build.0 = Debug|x64
		{8B22BF90-20C5-46F2-BCFE-B505F12A51E5}.Release|Any CPU.ActiveCfg = Release|Any CPU
		{8B22BF90-20C5-46F2-BCFE-B505F12A51E5}.Release|Any CPU.Build.0 = Release|Any CPU
		{8B22BF90-20C5-46F2-BCFE-B505F12A51E5}.Release|x64.ActiveCfg = Release|x64
		{8B22BF90-20C5-46F2-BCFE-B505F12A51E5}.Release|x64.Build.0 = Release|x64
		{D83EDCE5-8587-4912-A861-393BBDFAE9FF}.Debug|Any CPU.ActiveCfg = Debug|x64
		{D83EDCE5-8587-4912-A861-393BBDFAE9FF}.Debug|Any CPU.Build.0 = Debug|x64
		{D83EDCE5-8587-4912-A861-393BBDFAE9FF}.Debug|x64.ActiveCfg = Debug|Any CPU
		{D83EDCE5-8587-4912-A861-393BBDFAE9FF}.Debug|x64.Build.0 = Debug|Any CPU
		{D83EDCE5-8587-4912-A861-393BBDFAE9FF}.Release|Any CPU.ActiveCfg = Release|Any CPU
		{D83EDCE5-8587-4912-A861-393BBDFAE9FF}.Release|Any CPU.Build.0 = Release|Any CPU
		{D83EDCE5-8587-4912-A861-393BBDFAE9FF}.Release|x64.ActiveCfg = Release|Any CPU
		{D83EDCE5-8587-4912-A861-393BBDFAE9FF}.Release|x64.Build.0 = Release|Any CPU
		{E676EDE4-1B70-4349-AB5F-A1AF6FF884B4}.Debug|Any CPU.ActiveCfg = Debug|x64
		{E676EDE4-1B70-4349-AB5F-A1AF6FF884B4}.Debug|Any CPU.Build.0 = Debug|x64
		{E676EDE4-1B70-4349-AB5F-A1AF6FF884B4}.Debug|x64.ActiveCfg = Debug|x64
		{E676EDE4-1B70-4349-AB5F-A1AF6FF884B4}.Debug|x64.Build.0 = Debug|x64
		{E676EDE4-1B70-4349-AB5F-A1AF6FF884B4}.Release|Any CPU.ActiveCfg = Release|Any CPU
		{E676EDE4-1B70-4349-AB5F-A1AF6FF884B4}.Release|Any CPU.Build.0 = Release|Any CPU
		{E676EDE4-1B70-4349-AB5F-A1AF6FF884B4}.Release|x64.ActiveCfg = Release|x64
		{E676EDE4-1B70-4349-AB5F-A1AF6FF884B4}.Release|x64.Build.0 = Release|x64
		{56981DB4-4199-4B96-B7D9-C1D70774FA88}.Debug|Any CPU.ActiveCfg = Debug|x64
		{56981DB4-4199-4B96-B7D9-C1D70774FA88}.Debug|Any CPU.Build.0 = Debug|x64
		{56981DB4-4199-4B96-B7D9-C1D70774FA88}.Debug|x64.ActiveCfg = Debug|x64
		{56981DB4-4199-4B96-B7D9-C1D70774FA88}.Debug|x64.Build.0 = Debug|x64
		{56981DB4-4199-4B96-B7D9-C1D70774FA88}.Release|Any CPU.ActiveCfg = Release|x64
		{56981DB4-4199-4B96-B7D9-C1D70774FA88}.Release|x64.ActiveCfg = Release|x64
		{56981DB4-4199-4B96-B7D9-C1D70774FA88}.Release|x64.Build.0 = Release|x64
		{CFE78BD6-519E-4A09-BA2D-FDBAED534191}.Debug|Any CPU.ActiveCfg = Debug|x64
		{CFE78BD6-519E-4A09-BA2D-FDBAED534191}.Debug|Any CPU.Build.0 = Debug|x64
		{CFE78BD6-519E-4A09-BA2D-FDBAED534191}.Debug|x64.ActiveCfg = Debug|x64
		{CFE78BD6-519E-4A09-BA2D-FDBAED534191}.Debug|x64.Build.0 = Debug|x64
		{CFE78BD6-519E-4A09-BA2D-FDBAED534191}.Release|Any CPU.ActiveCfg = Release|Any CPU
		{CFE78BD6-519E-4A09-BA2D-FDBAED534191}.Release|Any CPU.Build.0 = Release|Any CPU
		{CFE78BD6-519E-4A09-BA2D-FDBAED534191}.Release|x64.ActiveCfg = Release|x64
		{CFE78BD6-519E-4A09-BA2D-FDBAED534191}.Release|x64.Build.0 = Release|x64
		{4C8B675C-661D-4448-A77A-E385512564C1}.Debug|Any CPU.ActiveCfg = Debug|x64
		{4C8B675C-661D-4448-A77A-E385512564C1}.Debug|Any CPU.Build.0 = Debug|x64
		{4C8B675C-661D-4448-A77A-E385512564C1}.Debug|x64.ActiveCfg = Debug|x64
		{4C8B675C-661D-4448-A77A-E385512564C1}.Debug|x64.Build.0 = Debug|x64
		{4C8B675C-661D-4448-A77A-E385512564C1}.Release|Any CPU.ActiveCfg = Release|x64
		{4C8B675C-661D-4448-A77A-E385512564C1}.Release|x64.ActiveCfg = Release|x64
		{4C8B675C-661D-4448-A77A-E385512564C1}.Release|x64.Build.0 = Release|x64
		{4FB58CEA-2090-4B5F-933B-F77C67A4FE93}.Debug|Any CPU.ActiveCfg = Debug|x64
		{4FB58CEA-2090-4B5F-933B-F77C67A4FE93}.Debug|Any CPU.Build.0 = Debug|x64
		{4FB58CEA-2090-4B5F-933B-F77C67A4FE93}.Debug|x64.ActiveCfg = Debug|x64
		{4FB58CEA-2090-4B5F-933B-F77C67A4FE93}.Debug|x64.Build.0 = Debug|x64
		{4FB58CEA-2090-4B5F-933B-F77C67A4FE93}.Release|Any CPU.ActiveCfg = Release|Any CPU
		{4FB58CEA-2090-4B5F-933B-F77C67A4FE93}.Release|Any CPU.Build.0 = Release|Any CPU
		{4FB58CEA-2090-4B5F-933B-F77C67A4FE93}.Release|x64.ActiveCfg = Release|x64
		{4FB58CEA-2090-4B5F-933B-F77C67A4FE93}.Release|x64.Build.0 = Release|x64
		{A54B937B-3B84-403A-9222-341C0F3F50D4}.Debug|Any CPU.ActiveCfg = Debug|x64
		{A54B937B-3B84-403A-9222-341C0F3F50D4}.Debug|Any CPU.Build.0 = Debug|x64
		{A54B937B-3B84-403A-9222-341C0F3F50D4}.Debug|x64.ActiveCfg = Debug|x64
		{A54B937B-3B84-403A-9222-341C0F3F50D4}.Debug|x64.Build.0 = Debug|x64
		{A54B937B-3B84-403A-9222-341C0F3F50D4}.Release|Any CPU.ActiveCfg = Release|x64
		{A54B937B-3B84-403A-9222-341C0F3F50D4}.Release|x64.ActiveCfg = Release|x64
		{A54B937B-3B84-403A-9222-341C0F3F50D4}.Release|x64.Build.0 = Release|x64
		{5FD90FE5-AC9F-4E72-9D15-1C53E16B761A}.Debug|Any CPU.ActiveCfg = Debug|x64
		{5FD90FE5-AC9F-4E72-9D15-1C53E16B761A}.Debug|Any CPU.Build.0 = Debug|x64
		{5FD90FE5-AC9F-4E72-9D15-1C53E16B761A}.Debug|x64.ActiveCfg = Debug|x64
		{5FD90FE5-AC9F-4E72-9D15-1C53E16B761A}.Debug|x64.Build.0 = Debug|x64
		{5FD90FE5-AC9F-4E72-9D15-1C53E16B761A}.Release|Any CPU.ActiveCfg = Release|Any CPU
		{5FD90FE5-AC9F-4E72-9D15-1C53E16B761A}.Release|Any CPU.Build.0 = Release|Any CPU
		{5FD90FE5-AC9F-4E72-9D15-1C53E16B761A}.Release|x64.ActiveCfg = Release|x64
		{5FD90FE5-AC9F-4E72-9D15-1C53E16B761A}.Release|x64.Build.0 = Release|x64
		{C925C436-6CA8-4990-83CA-200FE10663D1}.Debug|Any CPU.ActiveCfg = Debug|x64
		{C925C436-6CA8-4990-83CA-200FE10663D1}.Debug|Any CPU.Build.0 = Debug|x64
		{C925C436-6CA8-4990-83CA-200FE10663D1}.Debug|x64.ActiveCfg = Debug|x64
		{C925C436-6CA8-4990-83CA-200FE10663D1}.Debug|x64.Build.0 = Debug|x64
		{C925C436-6CA8-4990-83CA-200FE10663D1}.Release|Any CPU.ActiveCfg = Release|x64
		{C925C436-6CA8-4990-83CA-200FE10663D1}.Release|x64.ActiveCfg = Release|x64
		{C925C436-6CA8-4990-83CA-200FE10663D1}.Release|x64.Build.0 = Release|x64
		{956A146D-1B73-4AB1-B296-6D218DC6257A}.Debug|Any CPU.ActiveCfg = Debug|x64
		{956A146D-1B73-4AB1-B296-6D218DC6257A}.Debug|Any CPU.Build.0 = Debug|x64
		{956A146D-1B73-4AB1-B296-6D218DC6257A}.Debug|x64.ActiveCfg = Debug|Any CPU
		{956A146D-1B73-4AB1-B296-6D218DC6257A}.Debug|x64.Build.0 = Debug|Any CPU
		{956A146D-1B73-4AB1-B296-6D218DC6257A}.Release|Any CPU.ActiveCfg = Release|Any CPU
		{956A146D-1B73-4AB1-B296-6D218DC6257A}.Release|Any CPU.Build.0 = Release|Any CPU
		{956A146D-1B73-4AB1-B296-6D218DC6257A}.Release|x64.ActiveCfg = Release|Any CPU
		{956A146D-1B73-4AB1-B296-6D218DC6257A}.Release|x64.Build.0 = Release|Any CPU
	EndGlobalSection
	GlobalSection(SolutionProperties) = preSolution
		HideSolutionNode = FALSE
	EndGlobalSection
	GlobalSection(NestedProjects) = preSolution
		{971231AA-9C6A-492F-B828-C357A6FC05BE} = {98DD2818-D4F2-4CFF-AE96-21326A27E643}
		{034EAE22-269E-4E5A-93B4-3AC29C772331} = {971231AA-9C6A-492F-B828-C357A6FC05BE}
		{3EFCEB79-45B6-47B8-BAF4-C3AD0A26AE30} = {034EAE22-269E-4E5A-93B4-3AC29C772331}
		{93DFF2F2-A5A5-4909-A716-BC74542541C7} = {8D4891E4-F81F-4BD4-B6E4-7502F8E55CB9}
		{A7F10E26-0F83-47B2-83AF-430C7689D0DC} = {93DFF2F2-A5A5-4909-A716-BC74542541C7}
		{8D4891E4-F81F-4BD4-B6E4-7502F8E55CB9} = {98DD2818-D4F2-4CFF-AE96-21326A27E643}
		{BA8915DC-D1E4-4E7F-B25F-E3F63A90D639} = {A7F10E26-0F83-47B2-83AF-430C7689D0DC}
		{0AAD37F4-97D3-4130-807F-FCE78C4F2D7B} = {A7F10E26-0F83-47B2-83AF-430C7689D0DC}
		{8B22BF90-20C5-46F2-BCFE-B505F12A51E5} = {08669BF4-B3A8-4C3C-B443-BCA653757E92}
		{5D860D99-CF75-4D31-8B3A-9192A1F087AD} = {98DD2818-D4F2-4CFF-AE96-21326A27E643}
		{D83EDCE5-8587-4912-A861-393BBDFAE9FF} = {5D860D99-CF75-4D31-8B3A-9192A1F087AD}
		{2C145A17-75A5-4876-AA5B-32B6187930C7} = {8D4891E4-F81F-4BD4-B6E4-7502F8E55CB9}
		{7389E708-5142-4B4E-A23B-854C2A4E22BC} = {2C145A17-75A5-4876-AA5B-32B6187930C7}
		{E676EDE4-1B70-4349-AB5F-A1AF6FF884B4} = {7389E708-5142-4B4E-A23B-854C2A4E22BC}
		{56981DB4-4199-4B96-B7D9-C1D70774FA88} = {7389E708-5142-4B4E-A23B-854C2A4E22BC}
		{F25D7B4D-72E7-4F8D-9F94-7EA1DBA1D102} = {2C145A17-75A5-4876-AA5B-32B6187930C7}
		{CFE78BD6-519E-4A09-BA2D-FDBAED534191} = {F25D7B4D-72E7-4F8D-9F94-7EA1DBA1D102}
		{4C8B675C-661D-4448-A77A-E385512564C1} = {F25D7B4D-72E7-4F8D-9F94-7EA1DBA1D102}
		{BBC0D4AA-B4D3-4C96-B9FF-AC4604400280} = {8D4891E4-F81F-4BD4-B6E4-7502F8E55CB9}
		{986CF085-2DE1-4A25-936B-E1E8CD4B185B} = {BBC0D4AA-B4D3-4C96-B9FF-AC4604400280}
		{4FB58CEA-2090-4B5F-933B-F77C67A4FE93} = {986CF085-2DE1-4A25-936B-E1E8CD4B185B}
		{A54B937B-3B84-403A-9222-341C0F3F50D4} = {986CF085-2DE1-4A25-936B-E1E8CD4B185B}
		{8622B61B-BD82-42ED-AD87-C2FCD83E5969} = {BBC0D4AA-B4D3-4C96-B9FF-AC4604400280}
		{5FD90FE5-AC9F-4E72-9D15-1C53E16B761A} = {8622B61B-BD82-42ED-AD87-C2FCD83E5969}
		{C925C436-6CA8-4990-83CA-200FE10663D1} = {8622B61B-BD82-42ED-AD87-C2FCD83E5969}
		{956A146D-1B73-4AB1-B296-6D218DC6257A} = {5D860D99-CF75-4D31-8B3A-9192A1F087AD}
	EndGlobalSection
EndGlobal
