
Microsoft Visual Studio Solution File, Format Version 12.00
# Visual Studio 14
VisualStudioVersion = 14.0.24720.0
MinimumVisualStudioVersion = 10.0.40219.1
Project("{FAE04EC0-301F-11D3-BF4B-00C04F79EFBC}") = "MyApplication.Interface", "MyApplication.Interface\MyApplication.Interface.csproj", "{C7AFBBC3-B847-4BE1-BD9B-9ECD7B96AD42}"
EndProject
Project("{FAE04EC0-301F-11D3-BF4B-00C04F79EFBC}") = "MyApplication.Actor", "MyApplication.Actor\MyApplication.Actor.csproj", "{945E7360-BCD3-4169-AC15-6D922ACFA115}"
EndProject
Project("{FAE04EC0-301F-11D3-BF4B-00C04F79EFBC}") = "ServiceModelEx", "..\..\..\ServiceModelEx - Service Fabric\ServiceModelEx.csproj", "{0858C710-AF53-4049-B98E-CFE3638D1228}"
EndProject
Project("{FAE04EC0-301F-11D3-BF4B-00C04F79EFBC}") = "IntegrationTests", "IntegrationTests\IntegrationTests.csproj", "{435D63A3-4015-4F9C-9347-FD1B0008A30C}"
EndProject
Global
	GlobalSection(SolutionConfigurationPlatforms) = preSolution
		Debug|Any CPU = Debug|Any CPU
		Debug|x64 = Debug|x64
		Release|Any CPU = Release|Any CPU
		Release|x64 = Release|x64
	EndGlobalSection
	GlobalSection(ProjectConfigurationPlatforms) = postSolution
		{C7AFBBC3-B847-4BE1-BD9B-9ECD7B96AD42}.Debug|Any CPU.ActiveCfg = Debug|Any CPU
		{C7AFBBC3-B847-4BE1-BD9B-9ECD7B96AD42}.Debug|Any CPU.Build.0 = Debug|Any CPU
		{C7AFBBC3-B847-4BE1-BD9B-9ECD7B96AD42}.Debug|x64.ActiveCfg = Debug|x64
		{C7AFBBC3-B847-4BE1-BD9B-9ECD7B96AD42}.Debug|x64.Build.0 = Debug|x64
		{C7AFBBC3-B847-4BE1-BD9B-9ECD7B96AD42}.Release|Any CPU.ActiveCfg = Release|x64
		{C7AFBBC3-B847-4BE1-BD9B-9ECD7B96AD42}.Release|x64.ActiveCfg = Release|x64
		{C7AFBBC3-B847-4BE1-BD9B-9ECD7B96AD42}.Release|x64.Build.0 = Release|x64
		{945E7360-BCD3-4169-AC15-6D922ACFA115}.Debug|Any CPU.ActiveCfg = Debug|Any CPU
		{945E7360-BCD3-4169-AC15-6D922ACFA115}.Debug|Any CPU.Build.0 = Debug|Any CPU
		{945E7360-BCD3-4169-AC15-6D922ACFA115}.Debug|x64.ActiveCfg = Debug|x64
		{945E7360-BCD3-4169-AC15-6D922ACFA115}.Debug|x64.Build.0 = Debug|x64
		{945E7360-BCD3-4169-AC15-6D922ACFA115}.Release|Any CPU.ActiveCfg = Release|x64
		{945E7360-BCD3-4169-AC15-6D922ACFA115}.Release|x64.ActiveCfg = Release|x64
		{945E7360-BCD3-4169-AC15-6D922ACFA115}.Release|x64.Build.0 = Release|x64
		{0858C710-AF53-4049-B98E-CFE3638D1228}.Debug|Any CPU.ActiveCfg = Debug|Any CPU
		{0858C710-AF53-4049-B98E-CFE3638D1228}.Debug|Any CPU.Build.0 = Debug|Any CPU
		{0858C710-AF53-4049-B98E-CFE3638D1228}.Debug|x64.ActiveCfg = Debug|Any CPU
		{0858C710-AF53-4049-B98E-CFE3638D1228}.Debug|x64.Build.0 = Debug|Any CPU
		{0858C710-AF53-4049-B98E-CFE3638D1228}.Release|Any CPU.ActiveCfg = Release|Any CPU
		{0858C710-AF53-4049-B98E-CFE3638D1228}.Release|Any CPU.Build.0 = Release|Any CPU
		{0858C710-AF53-4049-B98E-CFE3638D1228}.Release|x64.ActiveCfg = Release|Any CPU
		{0858C710-AF53-4049-B98E-CFE3638D1228}.Release|x64.Build.0 = Release|Any CPU
		{435D63A3-4015-4F9C-9347-FD1B0008A30C}.Debug|Any CPU.ActiveCfg = Debug|Any CPU
		{435D63A3-4015-4F9C-9347-FD1B0008A30C}.Debug|Any CPU.Build.0 = Debug|Any CPU
		{435D63A3-4015-4F9C-9347-FD1B0008A30C}.Debug|x64.ActiveCfg = Debug|Any CPU
		{435D63A3-4015-4F9C-9347-FD1B0008A30C}.Debug|x64.Build.0 = Debug|Any CPU
		{435D63A3-4015-4F9C-9347-FD1B0008A30C}.Release|Any CPU.ActiveCfg = Release|Any CPU
		{435D63A3-4015-4F9C-9347-FD1B0008A30C}.Release|Any CPU.Build.0 = Release|Any CPU
		{435D63A3-4015-4F9C-9347-FD1B0008A30C}.Release|x64.ActiveCfg = Release|Any CPU
		{435D63A3-4015-4F9C-9347-FD1B0008A30C}.Release|x64.Build.0 = Release|Any CPU
	EndGlobalSection
	GlobalSection(SolutionProperties) = preSolution
		HideSolutionNode = FALSE
	EndGlobalSection
EndGlobal
